
Microsoft Visual Studio Solution File, Format Version 12.00
# Visual Studio Version 17
VisualStudioVersion = 17.8.34525.116
MinimumVisualStudioVersion = 10.0.40219.1
Project("{FAE04EC0-301F-11D3-BF4B-00C04F79EFBC}") = "dolgGoogle", "dolgGoogle\dolgGoogle.csproj", "{4CA35A17-7926-4E8F-8161-0ED26E3AFA72}"
EndProject
Global
	GlobalSection(SolutionConfigurationPlatforms) = preSolution
		Debug|Any CPU = Debug|Any CPU
		Release|Any CPU = Release|Any CPU
	EndGlobalSection
	GlobalSection(ProjectConfigurationPlatforms) = postSolution
		{4CA35A17-7926-4E8F-8161-0ED26E3AFA72}.Debug|Any CPU.ActiveCfg = Debug|Any CPU
		{4CA35A17-7926-4E8F-8161-0ED26E3AFA72}.Debug|Any CPU.Build.0 = Debug|Any CPU
		{4CA35A17-7926-4E8F-8161-0ED26E3AFA72}.Release|Any CPU.ActiveCfg = Release|Any CPU
		{4CA35A17-7926-4E8F-8161-0ED26E3AFA72}.Release|Any CPU.Build.0 = Release|Any CPU
	EndGlobalSection
	GlobalSection(SolutionProperties) = preSolution
		HideSolutionNode = FALSE
	EndGlobalSection
	GlobalSection(ExtensibilityGlobals) = postSolution
		SolutionGuid = {8D484CEC-600E-4DC6-8754-2E8C09BC885C}
	EndGlobalSection
EndGlobal
